{
  "name": "@nderkim/rmtree",
  "version": "1.0.1",
  "lockfileVersion": 1,
  "requires": true,
  "dependencies": {
    "@nderkim/promisify": {
      "version": "1.0.0",
      "resolved": "https://registry.npmjs.org/@nderkim/promisify/-/promisify-1.0.0.tgz",
      "integrity": "sha512-uj7sTL2Ihf2a1sokjY1Ka+rajk+lEwIKxhFLlM8Hl6OfwqNrGaCj2YQKxoBT4a0TvJGF7psbre/DuHC33je5pA=="
    }
  }
}
